// !$*UTF8*$!
{
	archiveVersion = 1;
	classes = {
	};
	objectVersion = 50;
	objects = {

/* Begin PBXBuildFile section */
		0401BF3822963F2D001B4AB6 /* HYPCameraViewController.m in Sources */ = {isa = PBXBuildFile; fileRef = 0401BF3722963F2D001B4AB6 /* HYPCameraViewController.m */; };
		0401BF3B22964C69001B4AB6 /* Localizable.strings in Resources */ = {isa = PBXBuildFile; fileRef = 0401BF3D22964C69001B4AB6 /* Localizable.strings */; };
		040A881621B147A700222A53 /* HYPImageManager.m in Sources */ = {isa = PBXBuildFile; fileRef = 040A881521B147A700222A53 /* HYPImageManager.m */; };
		040A881921B6206000222A53 /* UIImage+Editor.m in Sources */ = {isa = PBXBuildFile; fileRef = 040A881821B6206000222A53 /* UIImage+Editor.m */; };
		040A881C21B7B41C00222A53 /* HYPFilterHelper.m in Sources */ = {isa = PBXBuildFile; fileRef = 040A881B21B7B41C00222A53 /* HYPFilterHelper.m */; };
		040A881F21B7F1AF00222A53 /* HYPView.m in Sources */ = {isa = PBXBuildFile; fileRef = 040A881E21B7F1AF00222A53 /* HYPView.m */; };
		046FFC8621D34D1E0016F94E /* HYPAnonymousFacesFilter.m in Sources */ = {isa = PBXBuildFile; fileRef = 046FFC8521D34D1E0016F94E /* HYPAnonymousFacesFilter.m */; };
		046FFC8921D385020016F94E /* HYPOldFilm.m in Sources */ = {isa = PBXBuildFile; fileRef = 046FFC8821D385020016F94E /* HYPOldFilm.m */; };
		049EB35321AE507E00CEFC9A /* HYPGirdView.m in Sources */ = {isa = PBXBuildFile; fileRef = 049EB35221AE507E00CEFC9A /* HYPGirdView.m */; };
		049EB35721AFAFF600CEFC9A /* HYPAssetModel.m in Sources */ = {isa = PBXBuildFile; fileRef = 049EB35621AFAFF600CEFC9A /* HYPAssetModel.m */; };
		049EB35B21AFC28D00CEFC9A /* HYPPreviewViewController.m in Sources */ = {isa = PBXBuildFile; fileRef = 049EB35921AFB5CC00CEFC9A /* HYPPreviewViewController.m */; };
		049EB37521B0094900CEFC9A /* takePicture@2x.png in Resources */ = {isa = PBXBuildFile; fileRef = 049EB36921B007B700CEFC9A /* takePicture@2x.png */; };
		049EB37621B0094900CEFC9A /* takePicture80@2x.png in Resources */ = {isa = PBXBuildFile; fileRef = 049EB36C21B007B700CEFC9A /* takePicture80@2x.png */; };
		049EB37721B0094900CEFC9A /* video_play_hl@2x.png in Resources */ = {isa = PBXBuildFile; fileRef = 049EB36A21B007B700CEFC9A /* video_play_hl@2x.png */; };
		049EB37821B0094900CEFC9A /* video_play@2x.png in Resources */ = {isa = PBXBuildFile; fileRef = 049EB36821B007B700CEFC9A /* video_play@2x.png */; };
		049EB37921B0094900CEFC9A /* style_bar_back@2x.png in Resources */ = {isa = PBXBuildFile; fileRef = 049EB36721B007B600CEFC9A /* style_bar_back@2x.png */; };
		049EB37A21B0094900CEFC9A /* style_bar_back_white@2x.png in Resources */ = {isa = PBXBuildFile; fileRef = 049EB35E21AFFBD100CEFC9A /* style_bar_back_white@2x.png */; };
		049EB37B21B0094900CEFC9A /* style_bar_back_white@3x.png in Resources */ = {isa = PBXBuildFile; fileRef = 049EB35D21AFFBD100CEFC9A /* style_bar_back_white@3x.png */; };
		049EB37C21B0094900CEFC9A /* style_bar_cell_select_def@2x.png in Resources */ = {isa = PBXBuildFile; fileRef = 049EB36421B0051100CEFC9A /* style_bar_cell_select_def@2x.png */; };
		049EB37D21B0094900CEFC9A /* style_bar_cell_select_sel@2x.png in Resources */ = {isa = PBXBuildFile; fileRef = 049EB36B21B007B700CEFC9A /* style_bar_cell_select_sel@2x.png */; };
		049EB37E21B0094900CEFC9A /* style_bar_cell_select_num@2x.png in Resources */ = {isa = PBXBuildFile; fileRef = 049EB36521B005AC00CEFC9A /* style_bar_cell_select_num@2x.png */; };
		04AFBD6521DDF0CD00B78DA2 /* HYPEditImageViewController.m in Sources */ = {isa = PBXBuildFile; fileRef = 04AFBD6421DDF0CD00B78DA2 /* HYPEditImageViewController.m */; };
		04AFBD6C21DE1F9E00B78DA2 /* GeometryExtension.m in Sources */ = {isa = PBXBuildFile; fileRef = 04AFBD6B21DE1F9E00B78DA2 /* GeometryExtension.m */; };
		04C1018521D3294600B264C2 /* MyHazeFilter.m in Sources */ = {isa = PBXBuildFile; fileRef = 04C1018421D3294500B264C2 /* MyHazeFilter.m */; };
		04C1018721D32D2300B264C2 /* MyHazeRemoval.cikernel in Resources */ = {isa = PBXBuildFile; fileRef = 04C1018621D32D2300B264C2 /* MyHazeRemoval.cikernel */; };
		04EA25DD21A8110B00405011 /* AppDelegate.m in Sources */ = {isa = PBXBuildFile; fileRef = 04EA25DC21A8110B00405011 /* AppDelegate.m */; };
		04EA25E021A8110B00405011 /* ViewController.m in Sources */ = {isa = PBXBuildFile; fileRef = 04EA25DF21A8110B00405011 /* ViewController.m */; };
		04EA25E321A8110B00405011 /* Main.storyboard in Resources */ = {isa = PBXBuildFile; fileRef = 04EA25E121A8110B00405011 /* Main.storyboard */; };
		04EA25E621A8110B00405011 /* PhotosLibrary.xcdatamodeld in Sources */ = {isa = PBXBuildFile; fileRef = 04EA25E421A8110B00405011 /* PhotosLibrary.xcdatamodeld */; };
		04EA25E821A8110D00405011 /* Assets.xcassets in Resources */ = {isa = PBXBuildFile; fileRef = 04EA25E721A8110D00405011 /* Assets.xcassets */; };
		04EA25EB21A8110D00405011 /* LaunchScreen.storyboard in Resources */ = {isa = PBXBuildFile; fileRef = 04EA25E921A8110D00405011 /* LaunchScreen.storyboard */; };
		04EA25EE21A8110D00405011 /* main.m in Sources */ = {isa = PBXBuildFile; fileRef = 04EA25ED21A8110D00405011 /* main.m */; };
		04EA25F821A8110D00405011 /* PhotosLibraryTests.m in Sources */ = {isa = PBXBuildFile; fileRef = 04EA25F721A8110D00405011 /* PhotosLibraryTests.m */; };
		04EA260321A8110D00405011 /* PhotosLibraryUITests.m in Sources */ = {isa = PBXBuildFile; fileRef = 04EA260221A8110D00405011 /* PhotosLibraryUITests.m */; };
		04EA261421A8142800405011 /* HYPAlbumViewController.m in Sources */ = {isa = PBXBuildFile; fileRef = 04EA261321A8142800405011 /* HYPAlbumViewController.m */; };
		04EA261821A814B300405011 /* Photos.framework in Frameworks */ = {isa = PBXBuildFile; fileRef = 04EA261721A814B300405011 /* Photos.framework */; };
		04EA261B21AB92B600405011 /* HYPAssetsViewController.m in Sources */ = {isa = PBXBuildFile; fileRef = 04EA261A21AB92B600405011 /* HYPAssetsViewController.m */; };
		04EA261E21AB976700405011 /* HYPCollectionViewCell.m in Sources */ = {isa = PBXBuildFile; fileRef = 04EA261D21AB976700405011 /* HYPCollectionViewCell.m */; };
		04EA262121ABF76400405011 /* HYPAssetViewController.m in Sources */ = {isa = PBXBuildFile; fileRef = 04EA262021ABF76400405011 /* HYPAssetViewController.m */; };
		B803A9E127F18E6200F2C881 /* SliderCell.xib in Resources */ = {isa = PBXBuildFile; fileRef = B803A9E027F18E6200F2C881 /* SliderCell.xib */; };
		B803A9E527F31C4400F2C881 /* UITableViewCell+AccessoryButton.m in Sources */ = {isa = PBXBuildFile; fileRef = B803A9E427F31C4400F2C881 /* UITableViewCell+AccessoryButton.m */; };
		B803A9E927F3296F00F2C881 /* CIFilterAttribute.m in Sources */ = {isa = PBXBuildFile; fileRef = B803A9E827F3296F00F2C881 /* CIFilterAttribute.m */; };
		B803A9ED27F3463E00F2C881 /* inputImage3.png in Resources */ = {isa = PBXBuildFile; fileRef = B803A9EA27F3463E00F2C881 /* inputImage3.png */; };
		B803A9EE27F3463E00F2C881 /* inputImage2.png in Resources */ = {isa = PBXBuildFile; fileRef = B803A9EB27F3463E00F2C881 /* inputImage2.png */; };
		B803A9EF27F3463E00F2C881 /* inputImage1.png in Resources */ = {isa = PBXBuildFile; fileRef = B803A9EC27F3463E00F2C881 /* inputImage1.png */; };
		B803A9F127F3483000F2C881 /* maskImage.png in Resources */ = {isa = PBXBuildFile; fileRef = B803A9F027F3483000F2C881 /* maskImage.png */; };
		B803A9FB27F5614A00F2C881 /* ChromaKeyEffect.m in Sources */ = {isa = PBXBuildFile; fileRef = B803A9FA27F5614A00F2C881 /* ChromaKeyEffect.m */; };
		B803A9FF27F6DB6400F2C881 /* ColorConversion.m in Sources */ = {isa = PBXBuildFile; fileRef = B803A9FE27F6DB6400F2C881 /* ColorConversion.m */; };
		B86320CC27F73DDE0095FE44 /* translucentBackgroundImage.png in Resources */ = {isa = PBXBuildFile; fileRef = B86320CB27F73DDE0095FE44 /* translucentBackgroundImage.png */; };
		B8C09EDE26F42DD800662E32 /* Metal.framework in Frameworks */ = {isa = PBXBuildFile; fileRef = B8C09EDD26F42DD800662E32 /* Metal.framework */; };
		B8D5717F27F1667E007E90D5 /* FilterAttributesController.m in Sources */ = {isa = PBXBuildFile; fileRef = B8D5717D27F1667E007E90D5 /* FilterAttributesController.m */; };
		B8D5718327F175D5007E90D5 /* AttributeCell.xib in Resources */ = {isa = PBXBuildFile; fileRef = B8D5718227F175D5007E90D5 /* AttributeCell.xib */; };
/* End PBXBuildFile section */

/* Begin PBXContainerItemProxy section */
		04EA25F421A8110D00405011 /* PBXContainerItemProxy */ = {
			isa = PBXContainerItemProxy;
			containerPortal = 04EA25D021A8110B00405011 /* Project object */;
			proxyType = 1;
			remoteGlobalIDString = 04EA25D721A8110B00405011;
			remoteInfo = PhotosLibrary;
		};
		04EA25FF21A8110D00405011 /* PBXContainerItemProxy */ = {
			isa = PBXContainerItemProxy;
			containerPortal = 04EA25D021A8110B00405011 /* Project object */;
			proxyType = 1;
			remoteGlobalIDString = 04EA25D721A8110B00405011;
			remoteInfo = PhotosLibrary;
		};
/* End PBXContainerItemProxy section */

/* Begin PBXFileReference section */
		0401BF3622963F2D001B4AB6 /* HYPCameraViewController.h */ = {isa = PBXFileReference; lastKnownFileType = sourcecode.c.h; path = HYPCameraViewController.h; sourceTree = "<group>"; };
		0401BF3722963F2D001B4AB6 /* HYPCameraViewController.m */ = {isa = PBXFileReference; lastKnownFileType = sourcecode.c.objc; path = HYPCameraViewController.m; sourceTree = "<group>"; };
		0401BF3C22964C69001B4AB6 /* en */ = {isa = PBXFileReference; lastKnownFileType = text.plist.strings; name = en; path = en.lproj/Localizable.strings; sourceTree = "<group>"; };
		0401BF4722964EFB001B4AB6 /* zh-Hans */ = {isa = PBXFileReference; lastKnownFileType = text.plist.strings; name = "zh-Hans"; path = "zh-Hans.lproj/Localizable.strings"; sourceTree = "<group>"; };
		0401BF4822964EFB001B4AB6 /* zh-Hans */ = {isa = PBXFileReference; lastKnownFileType = text.plist.strings; name = "zh-Hans"; path = "zh-Hans.lproj/Main.strings"; sourceTree = "<group>"; };
		0401BF4922964EFC001B4AB6 /* zh-Hans */ = {isa = PBXFileReference; lastKnownFileType = text.plist.strings; name = "zh-Hans"; path = "zh-Hans.lproj/LaunchScreen.strings"; sourceTree = "<group>"; };
		040A881421B147A700222A53 /* HYPImageManager.h */ = {isa = PBXFileReference; lastKnownFileType = sourcecode.c.h; path = HYPImageManager.h; sourceTree = "<group>"; };
		040A881521B147A700222A53 /* HYPImageManager.m */ = {isa = PBXFileReference; lastKnownFileType = sourcecode.c.objc; path = HYPImageManager.m; sourceTree = "<group>"; };
		040A881721B6206000222A53 /* UIImage+Editor.h */ = {isa = PBXFileReference; lastKnownFileType = sourcecode.c.h; path = "UIImage+Editor.h"; sourceTree = "<group>"; };
		040A881821B6206000222A53 /* UIImage+Editor.m */ = {isa = PBXFileReference; lastKnownFileType = sourcecode.c.objc; path = "UIImage+Editor.m"; sourceTree = "<group>"; };
		040A881A21B7B41C00222A53 /* HYPFilterHelper.h */ = {isa = PBXFileReference; lastKnownFileType = sourcecode.c.h; path = HYPFilterHelper.h; sourceTree = "<group>"; };
		040A881B21B7B41C00222A53 /* HYPFilterHelper.m */ = {isa = PBXFileReference; lastKnownFileType = sourcecode.c.objc; path = HYPFilterHelper.m; sourceTree = "<group>"; };
		040A881D21B7F1AF00222A53 /* HYPView.h */ = {isa = PBXFileReference; lastKnownFileType = sourcecode.c.h; path = HYPView.h; sourceTree = "<group>"; };
		040A881E21B7F1AF00222A53 /* HYPView.m */ = {isa = PBXFileReference; lastKnownFileType = sourcecode.c.objc; path = HYPView.m; sourceTree = "<group>"; };
		046FFC8421D34D1E0016F94E /* HYPAnonymousFacesFilter.h */ = {isa = PBXFileReference; lastKnownFileType = sourcecode.c.h; path = HYPAnonymousFacesFilter.h; sourceTree = "<group>"; };
		046FFC8521D34D1E0016F94E /* HYPAnonymousFacesFilter.m */ = {isa = PBXFileReference; lastKnownFileType = sourcecode.c.objc; path = HYPAnonymousFacesFilter.m; sourceTree = "<group>"; };
		046FFC8721D385020016F94E /* HYPOldFilm.h */ = {isa = PBXFileReference; lastKnownFileType = sourcecode.c.h; path = HYPOldFilm.h; sourceTree = "<group>"; };
		046FFC8821D385020016F94E /* HYPOldFilm.m */ = {isa = PBXFileReference; lastKnownFileType = sourcecode.c.objc; path = HYPOldFilm.m; sourceTree = "<group>"; };
		049EB35121AE507E00CEFC9A /* HYPGirdView.h */ = {isa = PBXFileReference; lastKnownFileType = sourcecode.c.h; path = HYPGirdView.h; sourceTree = "<group>"; };
		049EB35221AE507E00CEFC9A /* HYPGirdView.m */ = {isa = PBXFileReference; lastKnownFileType = sourcecode.c.objc; path = HYPGirdView.m; sourceTree = "<group>"; };
		049EB35521AFAFF600CEFC9A /* HYPAssetModel.h */ = {isa = PBXFileReference; lastKnownFileType = sourcecode.c.h; path = HYPAssetModel.h; sourceTree = "<group>"; };
		049EB35621AFAFF600CEFC9A /* HYPAssetModel.m */ = {isa = PBXFileReference; lastKnownFileType = sourcecode.c.objc; path = HYPAssetModel.m; sourceTree = "<group>"; };
		049EB35821AFB5CC00CEFC9A /* HYPPreviewViewController.h */ = {isa = PBXFileReference; lastKnownFileType = sourcecode.c.h; path = HYPPreviewViewController.h; sourceTree = "<group>"; };
		049EB35921AFB5CC00CEFC9A /* HYPPreviewViewController.m */ = {isa = PBXFileReference; lastKnownFileType = sourcecode.c.objc; path = HYPPreviewViewController.m; sourceTree = "<group>"; };
		049EB35D21AFFBD100CEFC9A /* style_bar_back_white@3x.png */ = {isa = PBXFileReference; lastKnownFileType = image.png; path = "style_bar_back_white@3x.png"; sourceTree = "<group>"; };
		049EB35E21AFFBD100CEFC9A /* style_bar_back_white@2x.png */ = {isa = PBXFileReference; lastKnownFileType = image.png; path = "style_bar_back_white@2x.png"; sourceTree = "<group>"; };
		049EB36421B0051100CEFC9A /* style_bar_cell_select_def@2x.png */ = {isa = PBXFileReference; lastKnownFileType = image.png; path = "style_bar_cell_select_def@2x.png"; sourceTree = "<group>"; };
		049EB36521B005AC00CEFC9A /* style_bar_cell_select_num@2x.png */ = {isa = PBXFileReference; lastKnownFileType = image.png; path = "style_bar_cell_select_num@2x.png"; sourceTree = "<group>"; };
		049EB36721B007B600CEFC9A /* style_bar_back@2x.png */ = {isa = PBXFileReference; lastKnownFileType = image.png; path = "style_bar_back@2x.png"; sourceTree = "<group>"; };
		049EB36821B007B700CEFC9A /* video_play@2x.png */ = {isa = PBXFileReference; lastKnownFileType = image.png; path = "video_play@2x.png"; sourceTree = "<group>"; };
		049EB36921B007B700CEFC9A /* takePicture@2x.png */ = {isa = PBXFileReference; lastKnownFileType = image.png; path = "takePicture@2x.png"; sourceTree = "<group>"; };
		049EB36A21B007B700CEFC9A /* video_play_hl@2x.png */ = {isa = PBXFileReference; lastKnownFileType = image.png; path = "video_play_hl@2x.png"; sourceTree = "<group>"; };
		049EB36B21B007B700CEFC9A /* style_bar_cell_select_sel@2x.png */ = {isa = PBXFileReference; lastKnownFileType = image.png; path = "style_bar_cell_select_sel@2x.png"; sourceTree = "<group>"; };
		049EB36C21B007B700CEFC9A /* takePicture80@2x.png */ = {isa = PBXFileReference; lastKnownFileType = image.png; path = "takePicture80@2x.png"; sourceTree = "<group>"; };
		04AFBD6321DDF0CD00B78DA2 /* HYPEditImageViewController.h */ = {isa = PBXFileReference; lastKnownFileType = sourcecode.c.h; path = HYPEditImageViewController.h; sourceTree = "<group>"; };
		04AFBD6421DDF0CD00B78DA2 /* HYPEditImageViewController.m */ = {isa = PBXFileReference; lastKnownFileType = sourcecode.c.objc; path = HYPEditImageViewController.m; sourceTree = "<group>"; };
		04AFBD6A21DE1F9E00B78DA2 /* GeometryExtension.h */ = {isa = PBXFileReference; lastKnownFileType = sourcecode.c.h; path = GeometryExtension.h; sourceTree = "<group>"; };
		04AFBD6B21DE1F9E00B78DA2 /* GeometryExtension.m */ = {isa = PBXFileReference; lastKnownFileType = sourcecode.c.objc; path = GeometryExtension.m; sourceTree = "<group>"; };
		04C1018321D3294500B264C2 /* MyHazeFilter.h */ = {isa = PBXFileReference; lastKnownFileType = sourcecode.c.h; path = MyHazeFilter.h; sourceTree = "<group>"; };
		04C1018421D3294500B264C2 /* MyHazeFilter.m */ = {isa = PBXFileReference; lastKnownFileType = sourcecode.c.objc; path = MyHazeFilter.m; sourceTree = "<group>"; };
		04C1018621D32D2300B264C2 /* MyHazeRemoval.cikernel */ = {isa = PBXFileReference; lastKnownFileType = text; path = MyHazeRemoval.cikernel; sourceTree = "<group>"; };
		04EA25D821A8110B00405011 /* PhotosLibrary.app */ = {isa = PBXFileReference; explicitFileType = wrapper.application; includeInIndex = 0; path = PhotosLibrary.app; sourceTree = BUILT_PRODUCTS_DIR; };
		04EA25DB21A8110B00405011 /* AppDelegate.h */ = {isa = PBXFileReference; lastKnownFileType = sourcecode.c.h; path = AppDelegate.h; sourceTree = "<group>"; };
		04EA25DC21A8110B00405011 /* AppDelegate.m */ = {isa = PBXFileReference; lastKnownFileType = sourcecode.c.objc; path = AppDelegate.m; sourceTree = "<group>"; };
		04EA25DE21A8110B00405011 /* ViewController.h */ = {isa = PBXFileReference; lastKnownFileType = sourcecode.c.h; path = ViewController.h; sourceTree = "<group>"; };
		04EA25DF21A8110B00405011 /* ViewController.m */ = {isa = PBXFileReference; lastKnownFileType = sourcecode.c.objc; path = ViewController.m; sourceTree = "<group>"; };
		04EA25E221A8110B00405011 /* Base */ = {isa = PBXFileReference; lastKnownFileType = file.storyboard; name = Base; path = Base.lproj/Main.storyboard; sourceTree = "<group>"; };
		04EA25E521A8110B00405011 /* PhotosLibrary.xcdatamodel */ = {isa = PBXFileReference; lastKnownFileType = wrapper.xcdatamodel; path = PhotosLibrary.xcdatamodel; sourceTree = "<group>"; };
		04EA25E721A8110D00405011 /* Assets.xcassets */ = {isa = PBXFileReference; lastKnownFileType = folder.assetcatalog; path = Assets.xcassets; sourceTree = "<group>"; };
		04EA25EA21A8110D00405011 /* Base */ = {isa = PBXFileReference; lastKnownFileType = file.storyboard; name = Base; path = Base.lproj/LaunchScreen.storyboard; sourceTree = "<group>"; };
		04EA25EC21A8110D00405011 /* Info.plist */ = {isa = PBXFileReference; lastKnownFileType = text.plist.xml; path = Info.plist; sourceTree = "<group>"; };
		04EA25ED21A8110D00405011 /* main.m */ = {isa = PBXFileReference; lastKnownFileType = sourcecode.c.objc; path = main.m; sourceTree = "<group>"; };
		04EA25F321A8110D00405011 /* PhotosLibraryTests.xctest */ = {isa = PBXFileReference; explicitFileType = wrapper.cfbundle; includeInIndex = 0; path = PhotosLibraryTests.xctest; sourceTree = BUILT_PRODUCTS_DIR; };
		04EA25F721A8110D00405011 /* PhotosLibraryTests.m */ = {isa = PBXFileReference; lastKnownFileType = sourcecode.c.objc; path = PhotosLibraryTests.m; sourceTree = "<group>"; };
		04EA25F921A8110D00405011 /* Info.plist */ = {isa = PBXFileReference; lastKnownFileType = text.plist.xml; path = Info.plist; sourceTree = "<group>"; };
		04EA25FE21A8110D00405011 /* PhotosLibraryUITests.xctest */ = {isa = PBXFileReference; explicitFileType = wrapper.cfbundle; includeInIndex = 0; path = PhotosLibraryUITests.xctest; sourceTree = BUILT_PRODUCTS_DIR; };
		04EA260221A8110D00405011 /* PhotosLibraryUITests.m */ = {isa = PBXFileReference; lastKnownFileType = sourcecode.c.objc; path = PhotosLibraryUITests.m; sourceTree = "<group>"; };
		04EA260421A8110D00405011 /* Info.plist */ = {isa = PBXFileReference; lastKnownFileType = text.plist.xml; path = Info.plist; sourceTree = "<group>"; };
		04EA261021A811B600405011 /* PrefixHeader.pch */ = {isa = PBXFileReference; lastKnownFileType = sourcecode.c.h; path = PrefixHeader.pch; sourceTree = "<group>"; };
		04EA261221A8142800405011 /* HYPAlbumViewController.h */ = {isa = PBXFileReference; lastKnownFileType = sourcecode.c.h; path = HYPAlbumViewController.h; sourceTree = "<group>"; };
		04EA261321A8142800405011 /* HYPAlbumViewController.m */ = {isa = PBXFileReference; lastKnownFileType = sourcecode.c.objc; path = HYPAlbumViewController.m; sourceTree = "<group>"; };
		04EA261521A8145A00405011 /* HYPPhotosAlbum.h */ = {isa = PBXFileReference; lastKnownFileType = sourcecode.c.h; path = HYPPhotosAlbum.h; sourceTree = "<group>"; };
		04EA261721A814B300405011 /* Photos.framework */ = {isa = PBXFileReference; lastKnownFileType = wrapper.framework; name = Photos.framework; path = System/Library/Frameworks/Photos.framework; sourceTree = SDKROOT; };
		04EA261921AB92B600405011 /* HYPAssetsViewController.h */ = {isa = PBXFileReference; lastKnownFileType = sourcecode.c.h; path = HYPAssetsViewController.h; sourceTree = "<group>"; };
		04EA261A21AB92B600405011 /* HYPAssetsViewController.m */ = {isa = PBXFileReference; lastKnownFileType = sourcecode.c.objc; path = HYPAssetsViewController.m; sourceTree = "<group>"; };
		04EA261C21AB976700405011 /* HYPCollectionViewCell.h */ = {isa = PBXFileReference; lastKnownFileType = sourcecode.c.h; path = HYPCollectionViewCell.h; sourceTree = "<group>"; };
		04EA261D21AB976700405011 /* HYPCollectionViewCell.m */ = {isa = PBXFileReference; lastKnownFileType = sourcecode.c.objc; path = HYPCollectionViewCell.m; sourceTree = "<group>"; };
		04EA261F21ABF76400405011 /* HYPAssetViewController.h */ = {isa = PBXFileReference; lastKnownFileType = sourcecode.c.h; path = HYPAssetViewController.h; sourceTree = "<group>"; };
		04EA262021ABF76400405011 /* HYPAssetViewController.m */ = {isa = PBXFileReference; lastKnownFileType = sourcecode.c.objc; path = HYPAssetViewController.m; sourceTree = "<group>"; };
		B803A9E027F18E6200F2C881 /* SliderCell.xib */ = {isa = PBXFileReference; lastKnownFileType = file.xib; path = SliderCell.xib; sourceTree = "<group>"; };
		B803A9E327F31C4400F2C881 /* UITableViewCell+AccessoryButton.h */ = {isa = PBXFileReference; lastKnownFileType = sourcecode.c.h; path = "UITableViewCell+AccessoryButton.h"; sourceTree = "<group>"; };
		B803A9E427F31C4400F2C881 /* UITableViewCell+AccessoryButton.m */ = {isa = PBXFileReference; lastKnownFileType = sourcecode.c.objc; path = "UITableViewCell+AccessoryButton.m"; sourceTree = "<group>"; };
		B803A9E727F3296F00F2C881 /* CIFilterAttribute.h */ = {isa = PBXFileReference; lastKnownFileType = sourcecode.c.h; path = CIFilterAttribute.h; sourceTree = "<group>"; };
		B803A9E827F3296F00F2C881 /* CIFilterAttribute.m */ = {isa = PBXFileReference; lastKnownFileType = sourcecode.c.objc; path = CIFilterAttribute.m; sourceTree = "<group>"; };
		B803A9EA27F3463E00F2C881 /* inputImage3.png */ = {isa = PBXFileReference; lastKnownFileType = image.png; name = inputImage3.png; path = DefaultImage/inputImage3.png; sourceTree = "<group>"; };
		B803A9EB27F3463E00F2C881 /* inputImage2.png */ = {isa = PBXFileReference; lastKnownFileType = image.png; name = inputImage2.png; path = DefaultImage/inputImage2.png; sourceTree = "<group>"; };
		B803A9EC27F3463E00F2C881 /* inputImage1.png */ = {isa = PBXFileReference; lastKnownFileType = image.png; name = inputImage1.png; path = DefaultImage/inputImage1.png; sourceTree = "<group>"; };
		B803A9F027F3483000F2C881 /* maskImage.png */ = {isa = PBXFileReference; lastKnownFileType = image.png; path = maskImage.png; sourceTree = "<group>"; };
		B803A9F927F5614A00F2C881 /* ChromaKeyEffect.h */ = {isa = PBXFileReference; fileEncoding = 4; lastKnownFileType = sourcecode.c.h; path = ChromaKeyEffect.h; sourceTree = "<group>"; };
		B803A9FA27F5614A00F2C881 /* ChromaKeyEffect.m */ = {isa = PBXFileReference; fileEncoding = 4; lastKnownFileType = sourcecode.c.objc; path = ChromaKeyEffect.m; sourceTree = "<group>"; };
		B803A9FD27F6DB6400F2C881 /* ColorConversion.h */ = {isa = PBXFileReference; lastKnownFileType = sourcecode.c.h; path = ColorConversion.h; sourceTree = "<group>"; };
		B803A9FE27F6DB6400F2C881 /* ColorConversion.m */ = {isa = PBXFileReference; lastKnownFileType = sourcecode.c.objc; path = ColorConversion.m; sourceTree = "<group>"; };
		B86320CB27F73DDE0095FE44 /* translucentBackgroundImage.png */ = {isa = PBXFileReference; lastKnownFileType = image.png; path = translucentBackgroundImage.png; sourceTree = "<group>"; };
		B8C09EDD26F42DD800662E32 /* Metal.framework */ = {isa = PBXFileReference; lastKnownFileType = wrapper.framework; name = Metal.framework; path = System/Library/Frameworks/Metal.framework; sourceTree = SDKROOT; };
		B8D5717D27F1667E007E90D5 /* FilterAttributesController.m */ = {isa = PBXFileReference; fileEncoding = 4; lastKnownFileType = sourcecode.c.objc; path = FilterAttributesController.m; sourceTree = "<group>"; };
		B8D5717E27F1667E007E90D5 /* FilterAttributesController.h */ = {isa = PBXFileReference; fileEncoding = 4; lastKnownFileType = sourcecode.c.h; path = FilterAttributesController.h; sourceTree = "<group>"; };
		B8D5718227F175D5007E90D5 /* AttributeCell.xib */ = {isa = PBXFileReference; lastKnownFileType = file.xib; path = AttributeCell.xib; sourceTree = "<group>"; };
/* End PBXFileReference section */

/* Begin PBXFrameworksBuildPhase section */
		04EA25D521A8110B00405011 /* Frameworks */ = {
			isa = PBXFrameworksBuildPhase;
			buildActionMask = 2147483647;
			files = (
				B8C09EDE26F42DD800662E32 /* Metal.framework in Frameworks */,
				04EA261821A814B300405011 /* Photos.framework in Frameworks */,
			);
			runOnlyForDeploymentPostprocessing = 0;
		};
		04EA25F021A8110D00405011 /* Frameworks */ = {
			isa = PBXFrameworksBuildPhase;
			buildActionMask = 2147483647;
			files = (
			);
			runOnlyForDeploymentPostprocessing = 0;
		};
		04EA25FB21A8110D00405011 /* Frameworks */ = {
			isa = PBXFrameworksBuildPhase;
			buildActionMask = 2147483647;
			files = (
			);
			runOnlyForDeploymentPostprocessing = 0;
		};
/* End PBXFrameworksBuildPhase section */

/* Begin PBXGroup section */
		049EB35421AE509100CEFC9A /* CollectionVIew */ = {
			isa = PBXGroup;
			children = (
				04EA261C21AB976700405011 /* HYPCollectionViewCell.h */,
				04EA261D21AB976700405011 /* HYPCollectionViewCell.m */,
				049EB35121AE507E00CEFC9A /* HYPGirdView.h */,
				049EB35221AE507E00CEFC9A /* HYPGirdView.m */,
			);
			name = CollectionVIew;
			sourceTree = "<group>";
		};
		049EB35C21AFFBC200CEFC9A /* Resource */ = {
			isa = PBXGroup;
			children = (
				B86320CB27F73DDE0095FE44 /* translucentBackgroundImage.png */,
				B803A9F027F3483000F2C881 /* maskImage.png */,
				B803A9EC27F3463E00F2C881 /* inputImage1.png */,
				B803A9EB27F3463E00F2C881 /* inputImage2.png */,
				B803A9EA27F3463E00F2C881 /* inputImage3.png */,
				049EB36921B007B700CEFC9A /* takePicture@2x.png */,
				049EB36C21B007B700CEFC9A /* takePicture80@2x.png */,
				049EB36A21B007B700CEFC9A /* video_play_hl@2x.png */,
				049EB36821B007B700CEFC9A /* video_play@2x.png */,
				049EB36721B007B600CEFC9A /* style_bar_back@2x.png */,
				049EB35E21AFFBD100CEFC9A /* style_bar_back_white@2x.png */,
				049EB35D21AFFBD100CEFC9A /* style_bar_back_white@3x.png */,
				049EB36421B0051100CEFC9A /* style_bar_cell_select_def@2x.png */,
				049EB36521B005AC00CEFC9A /* style_bar_cell_select_num@2x.png */,
				049EB36B21B007B700CEFC9A /* style_bar_cell_select_sel@2x.png */,
			);
			path = Resource;
			sourceTree = "<group>";
		};
		04AFBD6221DDECDA00B78DA2 /* CustomView */ = {
			isa = PBXGroup;
			children = (
				040A881D21B7F1AF00222A53 /* HYPView.h */,
				040A881E21B7F1AF00222A53 /* HYPView.m */,
			);
			path = CustomView;
			sourceTree = "<group>";
		};
		04C1018221D3291200B264C2 /* CustomFilters */ = {
			isa = PBXGroup;
			children = (
				B803A9F927F5614A00F2C881 /* ChromaKeyEffect.h */,
				B803A9FA27F5614A00F2C881 /* ChromaKeyEffect.m */,
				04C1018321D3294500B264C2 /* MyHazeFilter.h */,
				04C1018421D3294500B264C2 /* MyHazeFilter.m */,
				04C1018621D32D2300B264C2 /* MyHazeRemoval.cikernel */,
				046FFC8421D34D1E0016F94E /* HYPAnonymousFacesFilter.h */,
				046FFC8521D34D1E0016F94E /* HYPAnonymousFacesFilter.m */,
				046FFC8721D385020016F94E /* HYPOldFilm.h */,
				046FFC8821D385020016F94E /* HYPOldFilm.m */,
			);
			path = CustomFilters;
			sourceTree = "<group>";
		};
		04EA25CF21A8110B00405011 = {
			isa = PBXGroup;
			children = (
				04EA25DA21A8110B00405011 /* PhotosLibrary */,
				04EA25F621A8110D00405011 /* PhotosLibraryTests */,
				04EA260121A8110D00405011 /* PhotosLibraryUITests */,
				04EA25D921A8110B00405011 /* Products */,
				04EA261621A814B300405011 /* Frameworks */,
			);
			sourceTree = "<group>";
		};
		04EA25D921A8110B00405011 /* Products */ = {
			isa = PBXGroup;
			children = (
				04EA25D821A8110B00405011 /* PhotosLibrary.app */,
				04EA25F321A8110D00405011 /* PhotosLibraryTests.xctest */,
				04EA25FE21A8110D00405011 /* PhotosLibraryUITests.xctest */,
			);
			name = Products;
			sourceTree = "<group>";
		};
		04EA25DA21A8110B00405011 /* PhotosLibrary */ = {
			isa = PBXGroup;
			children = (
				B803A9E227F31C0E00F2C881 /* Extension */,
				B803A9FC27F6DB2400F2C881 /* ColorConversion */,
				04EA261121A8126700405011 /* PhotosAlbum */,
				04EA25DB21A8110B00405011 /* AppDelegate.h */,
				04EA25DC21A8110B00405011 /* AppDelegate.m */,
				04EA25DE21A8110B00405011 /* ViewController.h */,
				04EA25DF21A8110B00405011 /* ViewController.m */,
				04EA25E121A8110B00405011 /* Main.storyboard */,
				04EA25E721A8110D00405011 /* Assets.xcassets */,
				04EA25E921A8110D00405011 /* LaunchScreen.storyboard */,
				04EA25EC21A8110D00405011 /* Info.plist */,
				049EB35C21AFFBC200CEFC9A /* Resource */,
				04EA261021A811B600405011 /* PrefixHeader.pch */,
				04EA25ED21A8110D00405011 /* main.m */,
				0401BF3D22964C69001B4AB6 /* Localizable.strings */,
				04EA25E421A8110B00405011 /* PhotosLibrary.xcdatamodeld */,
			);
			path = PhotosLibrary;
			sourceTree = "<group>";
		};
		04EA25F621A8110D00405011 /* PhotosLibraryTests */ = {
			isa = PBXGroup;
			children = (
				04EA25F721A8110D00405011 /* PhotosLibraryTests.m */,
				04EA25F921A8110D00405011 /* Info.plist */,
			);
			path = PhotosLibraryTests;
			sourceTree = "<group>";
		};
		04EA260121A8110D00405011 /* PhotosLibraryUITests */ = {
			isa = PBXGroup;
			children = (
				04EA260221A8110D00405011 /* PhotosLibraryUITests.m */,
				04EA260421A8110D00405011 /* Info.plist */,
			);
			path = PhotosLibraryUITests;
			sourceTree = "<group>";
		};
		04EA261121A8126700405011 /* PhotosAlbum */ = {
			isa = PBXGroup;
			children = (
				04EA261521A8145A00405011 /* HYPPhotosAlbum.h */,
				04EA261221A8142800405011 /* HYPAlbumViewController.h */,
				04EA261321A8142800405011 /* HYPAlbumViewController.m */,
				04EA261921AB92B600405011 /* HYPAssetsViewController.h */,
				04EA261A21AB92B600405011 /* HYPAssetsViewController.m */,
				049EB35821AFB5CC00CEFC9A /* HYPPreviewViewController.h */,
				049EB35921AFB5CC00CEFC9A /* HYPPreviewViewController.m */,
				04EA261F21ABF76400405011 /* HYPAssetViewController.h */,
				04EA262021ABF76400405011 /* HYPAssetViewController.m */,
				04AFBD6321DDF0CD00B78DA2 /* HYPEditImageViewController.h */,
				04AFBD6421DDF0CD00B78DA2 /* HYPEditImageViewController.m */,
				0401BF3622963F2D001B4AB6 /* HYPCameraViewController.h */,
				0401BF3722963F2D001B4AB6 /* HYPCameraViewController.m */,
				049EB35521AFAFF600CEFC9A /* HYPAssetModel.h */,
				049EB35621AFAFF600CEFC9A /* HYPAssetModel.m */,
				040A881421B147A700222A53 /* HYPImageManager.h */,
				040A881521B147A700222A53 /* HYPImageManager.m */,
				B803A9E627F3293400F2C881 /* Cell */,
				049EB35421AE509100CEFC9A /* CollectionVIew */,
				04AFBD6221DDECDA00B78DA2 /* CustomView */,
				B8639FB02B1ECFDC009A7428 /* FilterHelp */,
				04C1018221D3291200B264C2 /* CustomFilters */,
				040A881721B6206000222A53 /* UIImage+Editor.h */,
				040A881821B6206000222A53 /* UIImage+Editor.m */,
			);
			path = PhotosAlbum;
			sourceTree = "<group>";
		};
		04EA261621A814B300405011 /* Frameworks */ = {
			isa = PBXGroup;
			children = (
				B8C09EDD26F42DD800662E32 /* Metal.framework */,
				04EA261721A814B300405011 /* Photos.framework */,
			);
			name = Frameworks;
			sourceTree = "<group>";
		};
		B803A9E227F31C0E00F2C881 /* Extension */ = {
			isa = PBXGroup;
			children = (
				B803A9E327F31C4400F2C881 /* UITableViewCell+AccessoryButton.h */,
				B803A9E427F31C4400F2C881 /* UITableViewCell+AccessoryButton.m */,
				04AFBD6A21DE1F9E00B78DA2 /* GeometryExtension.h */,
				04AFBD6B21DE1F9E00B78DA2 /* GeometryExtension.m */,
			);
			path = Extension;
			sourceTree = "<group>";
		};
		B803A9E627F3293400F2C881 /* Cell */ = {
			isa = PBXGroup;
			children = (
				B8D5718227F175D5007E90D5 /* AttributeCell.xib */,
				B803A9E027F18E6200F2C881 /* SliderCell.xib */,
			);
			path = Cell;
			sourceTree = "<group>";
		};
		B803A9FC27F6DB2400F2C881 /* ColorConversion */ = {
			isa = PBXGroup;
			children = (
				B803A9FD27F6DB6400F2C881 /* ColorConversion.h */,
				B803A9FE27F6DB6400F2C881 /* ColorConversion.m */,
			);
			path = ColorConversion;
			sourceTree = "<group>";
		};
		B8639FB02B1ECFDC009A7428 /* FilterHelp */ = {
			isa = PBXGroup;
			children = (
				040A881A21B7B41C00222A53 /* HYPFilterHelper.h */,
				040A881B21B7B41C00222A53 /* HYPFilterHelper.m */,
				B8D5717E27F1667E007E90D5 /* FilterAttributesController.h */,
				B8D5717D27F1667E007E90D5 /* FilterAttributesController.m */,
				B803A9E727F3296F00F2C881 /* CIFilterAttribute.h */,
				B803A9E827F3296F00F2C881 /* CIFilterAttribute.m */,
			);
			path = FilterHelp;
			sourceTree = "<group>";
		};
/* End PBXGroup section */

/* Begin PBXNativeTarget section */
		04EA25D721A8110B00405011 /* PhotosLibrary */ = {
			isa = PBXNativeTarget;
			buildConfigurationList = 04EA260721A8110D00405011 /* Build configuration list for PBXNativeTarget "PhotosLibrary" */;
			buildPhases = (
				04EA25D421A8110B00405011 /* Sources */,
				04EA25D521A8110B00405011 /* Frameworks */,
				04EA25D621A8110B00405011 /* Resources */,
			);
			buildRules = (
			);
			dependencies = (
			);
			name = PhotosLibrary;
			productName = PhotosLibrary;
			productReference = 04EA25D821A8110B00405011 /* PhotosLibrary.app */;
			productType = "com.apple.product-type.application";
		};
		04EA25F221A8110D00405011 /* PhotosLibraryTests */ = {
			isa = PBXNativeTarget;
			buildConfigurationList = 04EA260A21A8110D00405011 /* Build configuration list for PBXNativeTarget "PhotosLibraryTests" */;
			buildPhases = (
				04EA25EF21A8110D00405011 /* Sources */,
				04EA25F021A8110D00405011 /* Frameworks */,
				04EA25F121A8110D00405011 /* Resources */,
			);
			buildRules = (
			);
			dependencies = (
				04EA25F521A8110D00405011 /* PBXTargetDependency */,
			);
			name = PhotosLibraryTests;
			productName = PhotosLibraryTests;
			productReference = 04EA25F321A8110D00405011 /* PhotosLibraryTests.xctest */;
			productType = "com.apple.product-type.bundle.unit-test";
		};
		04EA25FD21A8110D00405011 /* PhotosLibraryUITests */ = {
			isa = PBXNativeTarget;
			buildConfigurationList = 04EA260D21A8110D00405011 /* Build configuration list for PBXNativeTarget "PhotosLibraryUITests" */;
			buildPhases = (
				04EA25FA21A8110D00405011 /* Sources */,
				04EA25FB21A8110D00405011 /* Frameworks */,
				04EA25FC21A8110D00405011 /* Resources */,
			);
			buildRules = (
			);
			dependencies = (
				04EA260021A8110D00405011 /* PBXTargetDependency */,
			);
			name = PhotosLibraryUITests;
			productName = PhotosLibraryUITests;
			productReference = 04EA25FE21A8110D00405011 /* PhotosLibraryUITests.xctest */;
			productType = "com.apple.product-type.bundle.ui-testing";
		};
/* End PBXNativeTarget section */

/* Begin PBXProject section */
		04EA25D021A8110B00405011 /* Project object */ = {
			isa = PBXProject;
			attributes = {
				LastUpgradeCheck = 1000;
				ORGANIZATIONNAME = heyupeng;
				TargetAttributes = {
					04EA25D721A8110B00405011 = {
						CreatedOnToolsVersion = 10.0;
					};
					04EA25F221A8110D00405011 = {
						CreatedOnToolsVersion = 10.0;
						TestTargetID = 04EA25D721A8110B00405011;
					};
					04EA25FD21A8110D00405011 = {
						CreatedOnToolsVersion = 10.0;
						TestTargetID = 04EA25D721A8110B00405011;
					};
				};
			};
			buildConfigurationList = 04EA25D321A8110B00405011 /* Build configuration list for PBXProject "PhotosLibrary" */;
			compatibilityVersion = "Xcode 9.3";
			developmentRegion = en;
			hasScannedForEncodings = 0;
			knownRegions = (
				en,
				Base,
				"zh-Hans",
			);
			mainGroup = 04EA25CF21A8110B00405011;
			productRefGroup = 04EA25D921A8110B00405011 /* Products */;
			projectDirPath = "";
			projectRoot = "";
			targets = (
				04EA25D721A8110B00405011 /* PhotosLibrary */,
				04EA25F221A8110D00405011 /* PhotosLibraryTests */,
				04EA25FD21A8110D00405011 /* PhotosLibraryUITests */,
			);
		};
/* End PBXProject section */

/* Begin PBXResourcesBuildPhase section */
		04EA25D621A8110B00405011 /* Resources */ = {
			isa = PBXResourcesBuildPhase;
			buildActionMask = 2147483647;
			files = (
				049EB37521B0094900CEFC9A /* takePicture@2x.png in Resources */,
				049EB37621B0094900CEFC9A /* takePicture80@2x.png in Resources */,
				049EB37721B0094900CEFC9A /* video_play_hl@2x.png in Resources */,
				049EB37821B0094900CEFC9A /* video_play@2x.png in Resources */,
				B803A9EF27F3463E00F2C881 /* inputImage1.png in Resources */,
				B803A9ED27F3463E00F2C881 /* inputImage3.png in Resources */,
				049EB37921B0094900CEFC9A /* style_bar_back@2x.png in Resources */,
				049EB37A21B0094900CEFC9A /* style_bar_back_white@2x.png in Resources */,
				B8D5718327F175D5007E90D5 /* AttributeCell.xib in Resources */,
				049EB37B21B0094900CEFC9A /* style_bar_back_white@3x.png in Resources */,
				B803A9E127F18E6200F2C881 /* SliderCell.xib in Resources */,
				049EB37C21B0094900CEFC9A /* style_bar_cell_select_def@2x.png in Resources */,
				049EB37D21B0094900CEFC9A /* style_bar_cell_select_sel@2x.png in Resources */,
				049EB37E21B0094900CEFC9A /* style_bar_cell_select_num@2x.png in Resources */,
				0401BF3B22964C69001B4AB6 /* Localizable.strings in Resources */,
				04EA25EB21A8110D00405011 /* LaunchScreen.storyboard in Resources */,
				04C1018721D32D2300B264C2 /* MyHazeRemoval.cikernel in Resources */,
				B803A9EE27F3463E00F2C881 /* inputImage2.png in Resources */,
				B803A9F127F3483000F2C881 /* maskImage.png in Resources */,
				04EA25E821A8110D00405011 /* Assets.xcassets in Resources */,
				04EA25E321A8110B00405011 /* Main.storyboard in Resources */,
				B86320CC27F73DDE0095FE44 /* translucentBackgroundImage.png in Resources */,
			);
			runOnlyForDeploymentPostprocessing = 0;
		};
		04EA25F121A8110D00405011 /* Resources */ = {
			isa = PBXResourcesBuildPhase;
			buildActionMask = 2147483647;
			files = (
			);
			runOnlyForDeploymentPostprocessing = 0;
		};
		04EA25FC21A8110D00405011 /* Resources */ = {
			isa = PBXResourcesBuildPhase;
			buildActionMask = 2147483647;
			files = (
			);
			runOnlyForDeploymentPostprocessing = 0;
		};
/* End PBXResourcesBuildPhase section */

/* Begin PBXSourcesBuildPhase section */
		04EA25D421A8110B00405011 /* Sources */ = {
			isa = PBXSourcesBuildPhase;
			buildActionMask = 2147483647;
			files = (
				040A881F21B7F1AF00222A53 /* HYPView.m in Sources */,
				B803A9FB27F5614A00F2C881 /* ChromaKeyEffect.m in Sources */,
				049EB35B21AFC28D00CEFC9A /* HYPPreviewViewController.m in Sources */,
				040A881C21B7B41C00222A53 /* HYPFilterHelper.m in Sources */,
				B803A9E927F3296F00F2C881 /* CIFilterAttribute.m in Sources */,
				046FFC8921D385020016F94E /* HYPOldFilm.m in Sources */,
				04EA25E021A8110B00405011 /* ViewController.m in Sources */,
				B803A9FF27F6DB6400F2C881 /* ColorConversion.m in Sources */,
				04EA25E621A8110B00405011 /* PhotosLibrary.xcdatamodeld in Sources */,
				049EB35321AE507E00CEFC9A /* HYPGirdView.m in Sources */,
				0401BF3822963F2D001B4AB6 /* HYPCameraViewController.m in Sources */,
				040A881921B6206000222A53 /* UIImage+Editor.m in Sources */,
				04EA25EE21A8110D00405011 /* main.m in Sources */,
				B803A9E527F31C4400F2C881 /* UITableViewCell+AccessoryButton.m in Sources */,
				04AFBD6C21DE1F9E00B78DA2 /* GeometryExtension.m in Sources */,
				04C1018521D3294600B264C2 /* MyHazeFilter.m in Sources */,
				04EA262121ABF76400405011 /* HYPAssetViewController.m in Sources */,
				04AFBD6521DDF0CD00B78DA2 /* HYPEditImageViewController.m in Sources */,
				04EA261B21AB92B600405011 /* HYPAssetsViewController.m in Sources */,
				040A881621B147A700222A53 /* HYPImageManager.m in Sources */,
				049EB35721AFAFF600CEFC9A /* HYPAssetModel.m in Sources */,
				04EA261421A8142800405011 /* HYPAlbumViewController.m in Sources */,
				04EA261E21AB976700405011 /* HYPCollectionViewCell.m in Sources */,
				046FFC8621D34D1E0016F94E /* HYPAnonymousFacesFilter.m in Sources */,
				04EA25DD21A8110B00405011 /* AppDelegate.m in Sources */,
				B8D5717F27F1667E007E90D5 /* FilterAttributesController.m in Sources */,
			);
			runOnlyForDeploymentPostprocessing = 0;
		};
		04EA25EF21A8110D00405011 /* Sources */ = {
			isa = PBXSourcesBuildPhase;
			buildActionMask = 2147483647;
			files = (
				04EA25F821A8110D00405011 /* PhotosLibraryTests.m in Sources */,
			);
			runOnlyForDeploymentPostprocessing = 0;
		};
		04EA25FA21A8110D00405011 /* Sources */ = {
			isa = PBXSourcesBuildPhase;
			buildActionMask = 2147483647;
			files = (
				04EA260321A8110D00405011 /* PhotosLibraryUITests.m in Sources */,
			);
			runOnlyForDeploymentPostprocessing = 0;
		};
/* End PBXSourcesBuildPhase section */

/* Begin PBXTargetDependency section */
		04EA25F521A8110D00405011 /* PBXTargetDependency */ = {
			isa = PBXTargetDependency;
			target = 04EA25D721A8110B00405011 /* PhotosLibrary */;
			targetProxy = 04EA25F421A8110D00405011 /* PBXContainerItemProxy */;
		};
		04EA260021A8110D00405011 /* PBXTargetDependency */ = {
			isa = PBXTargetDependency;
			target = 04EA25D721A8110B00405011 /* PhotosLibrary */;
			targetProxy = 04EA25FF21A8110D00405011 /* PBXContainerItemProxy */;
		};
/* End PBXTargetDependency section */

/* Begin PBXVariantGroup section */
		0401BF3D22964C69001B4AB6 /* Localizable.strings */ = {
			isa = PBXVariantGroup;
			children = (
				0401BF3C22964C69001B4AB6 /* en */,
				0401BF4722964EFB001B4AB6 /* zh-Hans */,
			);
			name = Localizable.strings;
			sourceTree = "<group>";
		};
		04EA25E121A8110B00405011 /* Main.storyboard */ = {
			isa = PBXVariantGroup;
			children = (
				04EA25E221A8110B00405011 /* Base */,
				0401BF4822964EFB001B4AB6 /* zh-Hans */,
			);
			name = Main.storyboard;
			sourceTree = "<group>";
		};
		04EA25E921A8110D00405011 /* LaunchScreen.storyboard */ = {
			isa = PBXVariantGroup;
			children = (
				04EA25EA21A8110D00405011 /* Base */,
				0401BF4922964EFC001B4AB6 /* zh-Hans */,
			);
			name = LaunchScreen.storyboard;
			sourceTree = "<group>";
		};
/* End PBXVariantGroup section */

/* Begin XCBuildConfiguration section */
		04EA260521A8110D00405011 /* Debug */ = {
			isa = XCBuildConfiguration;
			buildSettings = {
				ALWAYS_SEARCH_USER_PATHS = NO;
				CLANG_ANALYZER_LOCALIZABILITY_NONLOCALIZED = YES;
				CLANG_ANALYZER_NONNULL = YES;
				CLANG_ANALYZER_NUMBER_OBJECT_CONVERSION = YES_AGGRESSIVE;
				CLANG_CXX_LANGUAGE_STANDARD = "gnu++14";
				CLANG_CXX_LIBRARY = "libc++";
				CLANG_ENABLE_MODULES = YES;
				CLANG_ENABLE_OBJC_ARC = YES;
				CLANG_ENABLE_OBJC_WEAK = YES;
				CLANG_WARN_BLOCK_CAPTURE_AUTORELEASING = YES;
				CLANG_WARN_BOOL_CONVERSION = YES;
				CLANG_WARN_COMMA = YES;
				CLANG_WARN_CONSTANT_CONVERSION = YES;
				CLANG_WARN_DEPRECATED_OBJC_IMPLEMENTATIONS = YES;
				CLANG_WARN_DIRECT_OBJC_ISA_USAGE = YES_ERROR;
				CLANG_WARN_DOCUMENTATION_COMMENTS = YES;
				CLANG_WARN_EMPTY_BODY = YES;
				CLANG_WARN_ENUM_CONVERSION = YES;
				CLANG_WARN_INFINITE_RECURSION = YES;
				CLANG_WARN_INT_CONVERSION = YES;
				CLANG_WARN_NON_LITERAL_NULL_CONVERSION = YES;
				CLANG_WARN_OBJC_IMPLICIT_RETAIN_SELF = YES;
				CLANG_WARN_OBJC_LITERAL_CONVERSION = YES;
				CLANG_WARN_OBJC_ROOT_CLASS = YES_ERROR;
				CLANG_WARN_RANGE_LOOP_ANALYSIS = YES;
				CLANG_WARN_STRICT_PROTOTYPES = YES;
				CLANG_WARN_SUSPICIOUS_MOVE = YES;
				CLANG_WARN_UNGUARDED_AVAILABILITY = YES_AGGRESSIVE;
				CLANG_WARN_UNREACHABLE_CODE = YES;
				CLANG_WARN__DUPLICATE_METHOD_MATCH = YES;
				CODE_SIGN_IDENTITY = "iPhone Developer";
				COPY_PHASE_STRIP = NO;
				DEBUG_INFORMATION_FORMAT = dwarf;
				ENABLE_STRICT_OBJC_MSGSEND = YES;
				ENABLE_TESTABILITY = YES;
				GCC_C_LANGUAGE_STANDARD = gnu11;
				GCC_DYNAMIC_NO_PIC = NO;
				GCC_NO_COMMON_BLOCKS = YES;
				GCC_OPTIMIZATION_LEVEL = 0;
				GCC_PREPROCESSOR_DEFINITIONS = (
					"DEBUG=1",
					"$(inherited)",
				);
				GCC_WARN_64_TO_32_BIT_CONVERSION = YES;
				GCC_WARN_ABOUT_RETURN_TYPE = YES_ERROR;
				GCC_WARN_UNDECLARED_SELECTOR = YES;
				GCC_WARN_UNINITIALIZED_AUTOS = YES_AGGRESSIVE;
				GCC_WARN_UNUSED_FUNCTION = YES;
				GCC_WARN_UNUSED_VARIABLE = YES;
				IPHONEOS_DEPLOYMENT_TARGET = 12.0;
				MTL_ENABLE_DEBUG_INFO = INCLUDE_SOURCE;
				MTL_FAST_MATH = YES;
				ONLY_ACTIVE_ARCH = YES;
				SDKROOT = iphoneos;
			};
			name = Debug;
		};
		04EA260621A8110D00405011 /* Release */ = {
			isa = XCBuildConfiguration;
			buildSettings = {
				ALWAYS_SEARCH_USER_PATHS = NO;
				CLANG_ANALYZER_LOCALIZABILITY_NONLOCALIZED = YES;
				CLANG_ANALYZER_NONNULL = YES;
				CLANG_ANALYZER_NUMBER_OBJECT_CONVERSION = YES_AGGRESSIVE;
				CLANG_CXX_LANGUAGE_STANDARD = "gnu++14";
				CLANG_CXX_LIBRARY = "libc++";
				CLANG_ENABLE_MODULES = YES;
				CLANG_ENABLE_OBJC_ARC = YES;
				CLANG_ENABLE_OBJC_WEAK = YES;
				CLANG_WARN_BLOCK_CAPTURE_AUTORELEASING = YES;
				CLANG_WARN_BOOL_CONVERSION = YES;
				CLANG_WARN_COMMA = YES;
				CLANG_WARN_CONSTANT_CONVERSION = YES;
				CLANG_WARN_DEPRECATED_OBJC_IMPLEMENTATIONS = YES;
				CLANG_WARN_DIRECT_OBJC_ISA_USAGE = YES_ERROR;
				CLANG_WARN_DOCUMENTATION_COMMENTS = YES;
				CLANG_WARN_EMPTY_BODY = YES;
				CLANG_WARN_ENUM_CONVERSION = YES;
				CLANG_WARN_INFINITE_RECURSION = YES;
				CLANG_WARN_INT_CONVERSION = YES;
				CLANG_WARN_NON_LITERAL_NULL_CONVERSION = YES;
				CLANG_WARN_OBJC_IMPLICIT_RETAIN_SELF = YES;
				CLANG_WARN_OBJC_LITERAL_CONVERSION = YES;
				CLANG_WARN_OBJC_ROOT_CLASS = YES_ERROR;
				CLANG_WARN_RANGE_LOOP_ANALYSIS = YES;
				CLANG_WARN_STRICT_PROTOTYPES = YES;
				CLANG_WARN_SUSPICIOUS_MOVE = YES;
				CLANG_WARN_UNGUARDED_AVAILABILITY = YES_AGGRESSIVE;
				CLANG_WARN_UNREACHABLE_CODE = YES;
				CLANG_WARN__DUPLICATE_METHOD_MATCH = YES;
				CODE_SIGN_IDENTITY = "iPhone Developer";
				COPY_PHASE_STRIP = NO;
				DEBUG_INFORMATION_FORMAT = "dwarf-with-dsym";
				ENABLE_NS_ASSERTIONS = NO;
				ENABLE_STRICT_OBJC_MSGSEND = YES;
				GCC_C_LANGUAGE_STANDARD = gnu11;
				GCC_NO_COMMON_BLOCKS = YES;
				GCC_WARN_64_TO_32_BIT_CONVERSION = YES;
				GCC_WARN_ABOUT_RETURN_TYPE = YES_ERROR;
				GCC_WARN_UNDECLARED_SELECTOR = YES;
				GCC_WARN_UNINITIALIZED_AUTOS = YES_AGGRESSIVE;
				GCC_WARN_UNUSED_FUNCTION = YES;
				GCC_WARN_UNUSED_VARIABLE = YES;
				IPHONEOS_DEPLOYMENT_TARGET = 12.0;
				MTL_ENABLE_DEBUG_INFO = NO;
				MTL_FAST_MATH = YES;
				SDKROOT = iphoneos;
				VALIDATE_PRODUCT = YES;
			};
			name = Release;
		};
		04EA260821A8110D00405011 /* Debug */ = {
			isa = XCBuildConfiguration;
			buildSettings = {
				ASSETCATALOG_COMPILER_APPICON_NAME = AppIcon;
				CODE_SIGN_STYLE = Automatic;
				DEBUG_INFORMATION_FORMAT = "dwarf-with-dsym";
				DEVELOPMENT_TEAM = MB8A8WEGM4;
				GCC_PREFIX_HEADER = "$(SRCROOT)/PhotosLibrary/PrefixHeader.pch";
				INFOPLIST_FILE = PhotosLibrary/Info.plist;
				IPHONEOS_DEPLOYMENT_TARGET = 9.1;
				LD_RUNPATH_SEARCH_PATHS = (
					"$(inherited)",
					"@executable_path/Frameworks",
				);
				PRODUCT_BUNDLE_IDENTIFIER = com.peng.PhotosLibrary;
				PRODUCT_NAME = "$(TARGET_NAME)";
				TARGETED_DEVICE_FAMILY = "1,2";
			};
			name = Debug;
		};
		04EA260921A8110D00405011 /* Release */ = {
			isa = XCBuildConfiguration;
			buildSettings = {
				ASSETCATALOG_COMPILER_APPICON_NAME = AppIcon;
				CODE_SIGN_STYLE = Automatic;
				DEVELOPMENT_TEAM = MB8A8WEGM4;
				GCC_PREFIX_HEADER = "$(SRCROOT)/PhotosLibrary/PrefixHeader.pch";
				INFOPLIST_FILE = PhotosLibrary/Info.plist;
				IPHONEOS_DEPLOYMENT_TARGET = 9.1;
				LD_RUNPATH_SEARCH_PATHS = (
					"$(inherited)",
					"@executable_path/Frameworks",
				);
				PRODUCT_BUNDLE_IDENTIFIER = com.peng.PhotosLibrary;
				PRODUCT_NAME = "$(TARGET_NAME)";
				TARGETED_DEVICE_FAMILY = "1,2";
			};
			name = Release;
		};
		04EA260B21A8110D00405011 /* Debug */ = {
			isa = XCBuildConfiguration;
			buildSettings = {
				BUNDLE_LOADER = "$(TEST_HOST)";
				CODE_SIGN_STYLE = Automatic;
				DEVELOPMENT_TEAM = MK49SZ4EMK;
				INFOPLIST_FILE = PhotosLibraryTests/Info.plist;
				LD_RUNPATH_SEARCH_PATHS = (
					"$(inherited)",
					"@executable_path/Frameworks",
					"@loader_path/Frameworks",
				);
				PRODUCT_BUNDLE_IDENTIFIER = com.sushi.PhotosLibraryTests;
				PRODUCT_NAME = "$(TARGET_NAME)";
				TARGETED_DEVICE_FAMILY = "1,2";
				TEST_HOST = "$(BUILT_PRODUCTS_DIR)/PhotosLibrary.app/PhotosLibrary";
			};
			name = Debug;
		};
		04EA260C21A8110D00405011 /* Release */ = {
			isa = XCBuildConfiguration;
			buildSettings = {
				BUNDLE_LOADER = "$(TEST_HOST)";
				CODE_SIGN_STYLE = Automatic;
				DEVELOPMENT_TEAM = MK49SZ4EMK;
				INFOPLIST_FILE = PhotosLibraryTests/Info.plist;
				LD_RUNPATH_SEARCH_PATHS = (
					"$(inherited)",
					"@executable_path/Frameworks",
					"@loader_path/Frameworks",
				);
				PRODUCT_BUNDLE_IDENTIFIER = com.sushi.PhotosLibraryTests;
				PRODUCT_NAME = "$(TARGET_NAME)";
				TARGETED_DEVICE_FAMILY = "1,2";
				TEST_HOST = "$(BUILT_PRODUCTS_DIR)/PhotosLibrary.app/PhotosLibrary";
			};
			name = Release;
		};
		04EA260E21A8110D00405011 /* Debug */ = {
			isa = XCBuildConfiguration;
			buildSettings = {
				CODE_SIGN_STYLE = Automatic;
				DEVELOPMENT_TEAM = MK49SZ4EMK;
				INFOPLIST_FILE = PhotosLibraryUITests/Info.plist;
				LD_RUNPATH_SEARCH_PATHS = (
					"$(inherited)",
					"@executable_path/Frameworks",
					"@loader_path/Frameworks",
				);
				PRODUCT_BUNDLE_IDENTIFIER = com.sushi.PhotosLibraryUITests;
				PRODUCT_NAME = "$(TARGET_NAME)";
				TARGETED_DEVICE_FAMILY = "1,2";
				TEST_TARGET_NAME = PhotosLibrary;
			};
			name = Debug;
		};
		04EA260F21A8110D00405011 /* Release */ = {
			isa = XCBuildConfiguration;
			buildSettings = {
				CODE_SIGN_STYLE = Automatic;
				DEVELOPMENT_TEAM = MK49SZ4EMK;
				INFOPLIST_FILE = PhotosLibraryUITests/Info.plist;
				LD_RUNPATH_SEARCH_PATHS = (
					"$(inherited)",
					"@executable_path/Frameworks",
					"@loader_path/Frameworks",
				);
				PRODUCT_BUNDLE_IDENTIFIER = com.sushi.PhotosLibraryUITests;
				PRODUCT_NAME = "$(TARGET_NAME)";
				TARGETED_DEVICE_FAMILY = "1,2";
				TEST_TARGET_NAME = PhotosLibrary;
			};
			name = Release;
		};
/* End XCBuildConfiguration section */

/* Begin XCConfigurationList section */
		04EA25D321A8110B00405011 /* Build configuration list for PBXProject "PhotosLibrary" */ = {
			isa = XCConfigurationList;
			buildConfigurations = (
				04EA260521A8110D00405011 /* Debug */,
				04EA260621A8110D00405011 /* Release */,
			);
			defaultConfigurationIsVisible = 0;
			defaultConfigurationName = Release;
		};
		04EA260721A8110D00405011 /* Build configuration list for PBXNativeTarget "PhotosLibrary" */ = {
			isa = XCConfigurationList;
			buildConfigurations = (
				04EA260821A8110D00405011 /* Debug */,
				04EA260921A8110D00405011 /* Release */,
			);
			defaultConfigurationIsVisible = 0;
			defaultConfigurationName = Release;
		};
		04EA260A21A8110D00405011 /* Build configuration list for PBXNativeTarget "PhotosLibraryTests" */ = {
			isa = XCConfigurationList;
			buildConfigurations = (
				04EA260B21A8110D00405011 /* Debug */,
				04EA260C21A8110D00405011 /* Release */,
			);
			defaultConfigurationIsVisible = 0;
			defaultConfigurationName = Release;
		};
		04EA260D21A8110D00405011 /* Build configuration list for PBXNativeTarget "PhotosLibraryUITests" */ = {
			isa = XCConfigurationList;
			buildConfigurations = (
				04EA260E21A8110D00405011 /* Debug */,
				04EA260F21A8110D00405011 /* Release */,
			);
			defaultConfigurationIsVisible = 0;
			defaultConfigurationName = Release;
		};
/* End XCConfigurationList section */

/* Begin XCVersionGroup section */
		04EA25E421A8110B00405011 /* PhotosLibrary.xcdatamodeld */ = {
			isa = XCVersionGroup;
			children = (
				04EA25E521A8110B00405011 /* PhotosLibrary.xcdatamodel */,
			);
			currentVersion = 04EA25E521A8110B00405011 /* PhotosLibrary.xcdatamodel */;
			path = PhotosLibrary.xcdatamodeld;
			sourceTree = "<group>";
			versionGroupType = wrapper.xcdatamodel;
		};
/* End XCVersionGroup section */
	};
	rootObject = 04EA25D021A8110B00405011 /* Project object */;
}
